
Microsoft Visual Studio Solution File, Format Version 12.00
# Visual Studio 15
VisualStudioVersion = 15.0.27130.2024
MinimumVisualStudioVersion = 10.0.40219.1
Project("{FAE04EC0-301F-11D3-BF4B-00C04F79EFBC}") = "FirstLabaOS", "FirstLabaOS\FirstLabaOS.csproj", "{A2965985-3D0B-45C1-875C-E9192A2BCC66}"
	ProjectSection(ProjectDependencies) = postProject
		{F221AB8E-C328-4265-9AAC-210CFAA6AE9E} = {F221AB8E-C328-4265-9AAC-210CFAA6AE9E}
	EndProjectSection
EndProject
Project("{FAE04EC0-301F-11D3-BF4B-00C04F79EFBC}") = "SecondLabaOS", "SecondLabaOS\SecondLabaOS.csproj", "{890153E4-2FBF-4AE3-9669-B0791CDF4C83}"
EndProject
Project("{FAE04EC0-301F-11D3-BF4B-00C04F79EFBC}") = "ThirdLabaOS", "ThirdLabaOS\ThirdLabaOS.csproj", "{6DBA1B9A-5920-4AC9-A03B-3544B6E65D44}"
EndProject
Project("{FAE04EC0-301F-11D3-BF4B-00C04F79EFBC}") = "ForthLabaOS_1", "ForthLabaOS_1\ForthLabaOS_1.csproj", "{8449EDE9-8F88-4F8A-AD1B-1B9FD4AC3916}"
EndProject
Project("{FAE04EC0-301F-11D3-BF4B-00C04F79EFBC}") = "ForthLabaOS_2", "ForthLabaOs_2\ForthLabaOS_2.csproj", "{F221AB8E-C328-4265-9AAC-210CFAA6AE9E}"
EndProject
Project("{FAE04EC0-301F-11D3-BF4B-00C04F79EFBC}") = "test", "test\test.csproj", "{EBD61C15-89FA-4737-BF2D-76A2B87AEF9D}"
EndProject
Project("{FAE04EC0-301F-11D3-BF4B-00C04F79EFBC}") = "FifthLabaOS_1", "FifthLabaOS_1\FifthLabaOS_1.csproj", "{986A4F70-4D67-487A-BCF9-9ABECF436445}"
EndProject
Project("{FAE04EC0-301F-11D3-BF4B-00C04F79EFBC}") = "FifthLabaOS_2", "FifthLabaOS_2\FifthLabaOS_2.csproj", "{64ED9F09-099B-4737-A1DF-EEA89D04218B}"
EndProject
Project("{FAE04EC0-301F-11D3-BF4B-00C04F79EFBC}") = "SixthLabaOS_1", "SixthLabaOS_1\SixthLabaOS_1.csproj", "{D5999E53-ABC1-4061-B09B-E52F8082D14C}"
EndProject
Project("{FAE04EC0-301F-11D3-BF4B-00C04F79EFBC}") = "SixthLabaOS_2", "SixthLabaOS_2\SixthLabaOS_2.csproj", "{E86E8727-B458-485A-BE54-95B452A1918E}"
EndProject
Project("{FAE04EC0-301F-11D3-BF4B-00C04F79EFBC}") = "SeventhLabaOS_1", "SeventhLabaOS_1\SeventhLabaOS_1.csproj", "{889BA948-EA1D-40A5-BF8E-1CB74965BAFC}"
EndProject
Project("{FAE04EC0-301F-11D3-BF4B-00C04F79EFBC}") = "SeventhLabaOS_2", "SeventhLabaOS_2\SeventhLabaOS_2.csproj", "{1ADB8732-2F2A-4D8F-B501-11A74BAF1D0C}"
EndProject
Project("{FAE04EC0-301F-11D3-BF4B-00C04F79EFBC}") = "EighthLabaOS_1", "EighthLabaOS_1\EighthLabaOS_1.csproj", "{4BEA3C0E-CCF4-4765-89EE-880BE587A7B0}"
EndProject
Project("{FAE04EC0-301F-11D3-BF4B-00C04F79EFBC}") = "EighthLabaOS_2", "EighthLabaOS_2\EighthLabaOS_2.csproj", "{D1C95AB6-1935-4B0D-87AF-7D6804242307}"
EndProject
Global
	GlobalSection(SolutionConfigurationPlatforms) = preSolution
		Debug|Any CPU = Debug|Any CPU
		Release|Any CPU = Release|Any CPU
	EndGlobalSection
	GlobalSection(ProjectConfigurationPlatforms) = postSolution
		{A2965985-3D0B-45C1-875C-E9192A2BCC66}.Debug|Any CPU.ActiveCfg = Debug|Any CPU
		{A2965985-3D0B-45C1-875C-E9192A2BCC66}.Debug|Any CPU.Build.0 = Debug|Any CPU
		{A2965985-3D0B-45C1-875C-E9192A2BCC66}.Release|Any CPU.ActiveCfg = Release|Any CPU
		{A2965985-3D0B-45C1-875C-E9192A2BCC66}.Release|Any CPU.Build.0 = Release|Any CPU
		{890153E4-2FBF-4AE3-9669-B0791CDF4C83}.Debug|Any CPU.ActiveCfg = Debug|Any CPU
		{890153E4-2FBF-4AE3-9669-B0791CDF4C83}.Debug|Any CPU.Build.0 = Debug|Any CPU
		{890153E4-2FBF-4AE3-9669-B0791CDF4C83}.Release|Any CPU.ActiveCfg = Release|Any CPU
		{890153E4-2FBF-4AE3-9669-B0791CDF4C83}.Release|Any CPU.Build.0 = Release|Any CPU
		{6DBA1B9A-5920-4AC9-A03B-3544B6E65D44}.Debug|Any CPU.ActiveCfg = Debug|Any CPU
		{6DBA1B9A-5920-4AC9-A03B-3544B6E65D44}.Debug|Any CPU.Build.0 = Debug|Any CPU
		{6DBA1B9A-5920-4AC9-A03B-3544B6E65D44}.Release|Any CPU.ActiveCfg = Release|Any CPU
		{6DBA1B9A-5920-4AC9-A03B-3544B6E65D44}.Release|Any CPU.Build.0 = Release|Any CPU
		{8449EDE9-8F88-4F8A-AD1B-1B9FD4AC3916}.Debug|Any CPU.ActiveCfg = Debug|Any CPU
		{8449EDE9-8F88-4F8A-AD1B-1B9FD4AC3916}.Debug|Any CPU.Build.0 = Debug|Any CPU
		{8449EDE9-8F88-4F8A-AD1B-1B9FD4AC3916}.Release|Any CPU.ActiveCfg = Release|Any CPU
		{8449EDE9-8F88-4F8A-AD1B-1B9FD4AC3916}.Release|Any CPU.Build.0 = Release|Any CPU
		{F221AB8E-C328-4265-9AAC-210CFAA6AE9E}.Debug|Any CPU.ActiveCfg = Debug|Any CPU
		{F221AB8E-C328-4265-9AAC-210CFAA6AE9E}.Debug|Any CPU.Build.0 = Debug|Any CPU
		{F221AB8E-C328-4265-9AAC-210CFAA6AE9E}.Release|Any CPU.ActiveCfg = Release|Any CPU
		{F221AB8E-C328-4265-9AAC-210CFAA6AE9E}.Release|Any CPU.Build.0 = Release|Any CPU
		{EBD61C15-89FA-4737-BF2D-76A2B87AEF9D}.Debug|Any CPU.ActiveCfg = Debug|Any CPU
		{EBD61C15-89FA-4737-BF2D-76A2B87AEF9D}.Debug|Any CPU.Build.0 = Debug|Any CPU
		{EBD61C15-89FA-4737-BF2D-76A2B87AEF9D}.Release|Any CPU.ActiveCfg = Release|Any CPU
		{EBD61C15-89FA-4737-BF2D-76A2B87AEF9D}.Release|Any CPU.Build.0 = Release|Any CPU
		{986A4F70-4D67-487A-BCF9-9ABECF436445}.Debug|Any CPU.ActiveCfg = Debug|Any CPU
		{986A4F70-4D67-487A-BCF9-9ABECF436445}.Debug|Any CPU.Build.0 = Debug|Any CPU
		{986A4F70-4D67-487A-BCF9-9ABECF436445}.Release|Any CPU.ActiveCfg = Release|Any CPU
		{986A4F70-4D67-487A-BCF9-9ABECF436445}.Release|Any CPU.Build.0 = Release|Any CPU
		{64ED9F09-099B-4737-A1DF-EEA89D04218B}.Debug|Any CPU.ActiveCfg = Debug|Any CPU
		{64ED9F09-099B-4737-A1DF-EEA89D04218B}.Debug|Any CPU.Build.0 = Debug|Any CPU
		{64ED9F09-099B-4737-A1DF-EEA89D04218B}.Release|Any CPU.ActiveCfg = Release|Any CPU
		{64ED9F09-099B-4737-A1DF-EEA89D04218B}.Release|Any CPU.Build.0 = Release|Any CPU
		{D5999E53-ABC1-4061-B09B-E52F8082D14C}.Debug|Any CPU.ActiveCfg = Debug|Any CPU
		{D5999E53-ABC1-4061-B09B-E52F8082D14C}.Debug|Any CPU.Build.0 = Debug|Any CPU
		{D5999E53-ABC1-4061-B09B-E52F8082D14C}.Release|Any CPU.ActiveCfg = Release|Any CPU
		{D5999E53-ABC1-4061-B09B-E52F8082D14C}.Release|Any CPU.Build.0 = Release|Any CPU
		{E86E8727-B458-485A-BE54-95B452A1918E}.Debug|Any CPU.ActiveCfg = Debug|Any CPU
		{E86E8727-B458-485A-BE54-95B452A1918E}.Debug|Any CPU.Build.0 = Debug|Any CPU
		{E86E8727-B458-485A-BE54-95B452A1918E}.Release|Any CPU.ActiveCfg = Release|Any CPU
		{E86E8727-B458-485A-BE54-95B452A1918E}.Release|Any CPU.Build.0 = Release|Any CPU
		{889BA948-EA1D-40A5-BF8E-1CB74965BAFC}.Debug|Any CPU.ActiveCfg = Debug|Any CPU
		{889BA948-EA1D-40A5-BF8E-1CB74965BAFC}.Debug|Any CPU.Build.0 = Debug|Any CPU
		{889BA948-EA1D-40A5-BF8E-1CB74965BAFC}.Release|Any CPU.ActiveCfg = Release|Any CPU
		{889BA948-EA1D-40A5-BF8E-1CB74965BAFC}.Release|Any CPU.Build.0 = Release|Any CPU
		{1ADB8732-2F2A-4D8F-B501-11A74BAF1D0C}.Debug|Any CPU.ActiveCfg = Debug|Any CPU
		{1ADB8732-2F2A-4D8F-B501-11A74BAF1D0C}.Debug|Any CPU.Build.0 = Debug|Any CPU
		{1ADB8732-2F2A-4D8F-B501-11A74BAF1D0C}.Release|Any CPU.ActiveCfg = Release|Any CPU
		{1ADB8732-2F2A-4D8F-B501-11A74BAF1D0C}.Release|Any CPU.Build.0 = Release|Any CPU
		{4BEA3C0E-CCF4-4765-89EE-880BE587A7B0}.Debug|Any CPU.ActiveCfg = Debug|Any CPU
		{4BEA3C0E-CCF4-4765-89EE-880BE587A7B0}.Debug|Any CPU.Build.0 = Debug|Any CPU
		{4BEA3C0E-CCF4-4765-89EE-880BE587A7B0}.Release|Any CPU.ActiveCfg = Release|Any CPU
		{4BEA3C0E-CCF4-4765-89EE-880BE587A7B0}.Release|Any CPU.Build.0 = Release|Any CPU
		{D1C95AB6-1935-4B0D-87AF-7D6804242307}.Debug|Any CPU.ActiveCfg = Debug|Any CPU
		{D1C95AB6-1935-4B0D-87AF-7D6804242307}.Debug|Any CPU.Build.0 = Debug|Any CPU
		{D1C95AB6-1935-4B0D-87AF-7D6804242307}.Release|Any CPU.ActiveCfg = Release|Any CPU
		{D1C95AB6-1935-4B0D-87AF-7D6804242307}.Release|Any CPU.Build.0 = Release|Any CPU
	EndGlobalSection
	GlobalSection(SolutionProperties) = preSolution
		HideSolutionNode = FALSE
	EndGlobalSection
	GlobalSection(ExtensibilityGlobals) = postSolution
		SolutionGuid = {2400B275-0063-429E-B548-BF4A02E42FA8}
	EndGlobalSection
EndGlobal
